<?xml version="1.0" encoding="UTF-8" standalone="yes" ?>
<CodeBlocks_project_file>
	<FileVersion major="1" minor="6" />
	<Project>
		<Option title="DSGameserver" />
		<Option pch_mode="2" />
		<Option compiler="gcc" />
		<Build>
			<Target title="Debug Win32">
				<Option output="DSGame-server" prefix_auto="1" extension_auto="1" />
				<Option type="0" />
				<Option compiler="gcc" />
				<Compiler>
					<Add option="-DWIN32" />
					<Add option="-D_DEBUG" />
					<Add option="-D_CONSOLE" />
					<Add option="-DdsUDPSERV" />
					<Add option="-DDEBUGLOGMAP" />
					<Add option="-D_CRT_SECURE_NO_WARNINGS" />
					<Add option="-DNOMINMAX" />
					<Add directory="C:/Users/KOGA/Pictures/Documents/darkstar/win32/DSGame-server/../external" />
					<Add directory="C:/Users/KOGA/Pictures/Documents/darkstar/win32/DSGame-server/../external/mysql" />
					<Add directory="C:/Users/KOGA/Pictures/Documents/darkstar/win32/DSGame-server/../external/zmq" />
				</Compiler>
				<Linker>
					<Add library="libmariadb.lib" />
					<Add library="lua51.lib" />
					<Add library="libzmq-d.lib" />
					<Add library="WS2_32.lib" />
					<Add directory="../../lib" />
				</Linker>
			</Target>
			<Target title="Debug x64">
				<Option output="DSGame-server" prefix_auto="1" extension_auto="1" />
				<Option type="0" />
				<Option compiler="gcc" />
				<Compiler>
					<Add option="-DWIN32" />
					<Add option="-D_DEBUG" />
					<Add option="-D_CONSOLE" />
					<Add option="-DdsUDPSERV" />
					<Add option="-DDEBUGLOGMAP" />
					<Add option="-D_CRT_SECURE_NO_WARNINGS" />
					<Add option="-DNOMINMAX" />
					<Add directory="C:/Users/KOGA/Pictures/Documents/darkstar/win32/DSGame-server/../external" />
					<Add directory="C:/Users/KOGA/Pictures/Documents/darkstar/win32/DSGame-server/../external/mysql" />
					<Add directory="C:/Users/KOGA/Pictures/Documents/darkstar/win32/DSGame-server/../external/zmq" />
				</Compiler>
				<Linker>
					<Add library="libmariadb64.lib" />
					<Add library="lua51_64.lib" />
					<Add library="libzmq-d_64.lib" />
					<Add library="WS2_32.lib" />
					<Add directory="../../lib64" />
				</Linker>
			</Target>
			<Target title="Release x64">
				<Option output="DSGame-server" prefix_auto="1" extension_auto="1" />
				<Option type="0" />
				<Option compiler="gcc" />
				<Compiler>
					<Add option="-DWIN32" />
					<Add option="-DNDEBUG" />
					<Add option="-D_CONSOLE" />
					<Add option="-D_CRT_SECURE_NO_WARNINGS" />
					<Add option="-DdsUDPSERV" />
					<Add option="-DDEBUGLOGMAP" />
					<Add directory="C:/Users/KOGA/Pictures/Documents/darkstar/win32/DSGame-server/../external" />
					<Add directory="C:/Users/KOGA/Pictures/Documents/darkstar/win32/DSGame-server/../external/mysql" />
					<Add directory="C:/Users/KOGA/Pictures/Documents/darkstar/win32/DSGame-server/../external/zmq" />
				</Compiler>
				<Linker>
					<Add library="libmariadb64.lib" />
					<Add library="lua51_64.lib" />
					<Add library="libzmq_64.lib" />
					<Add library="WS2_32.Lib" />
					<Add directory="../../lib64" />
				</Linker>
			</Target>
			<Target title="Release Win32">
				<Option output="DSGame-server" prefix_auto="1" extension_auto="1" />
				<Option type="0" />
				<Option compiler="gcc" />
				<Compiler>
					<Add option="-DWIN32" />
					<Add option="-DNDEBUG" />
					<Add option="-D_CONSOLE" />
					<Add option="-D_CRT_SECURE_NO_WARNINGS" />
					<Add option="-DdsUDPSERV" />
					<Add option="-DDEBUGLOGMAP" />
					<Add directory="C:/Users/KOGA/Pictures/Documents/darkstar/win32/DSGame-server/../external" />
					<Add directory="C:/Users/KOGA/Pictures/Documents/darkstar/win32/DSGame-server/../external/mysql" />
					<Add directory="C:/Users/KOGA/Pictures/Documents/darkstar/win32/DSGame-server/../external/zmq" />
				</Compiler>
				<Linker>
					<Add library="libmariadb.lib" />
					<Add library="lua51.lib" />
					<Add library="libzmq.lib" />
					<Add library="WS2_32.Lib" />
					<Add directory="../../lib" />
				</Linker>
			</Target>
		</Build>
		<Unit filename="../../documentation/MessageSystemIDs.log" />
		<Unit filename="../../documentation/ZoneIDs.txt" />
		<Unit filename="../../documentation/message.log" />
		<Unit filename="../../icons/gameserver.ico" />
		<Unit filename="../../src/common/blowfish.cpp" />
		<Unit filename="../../src/common/blowfish.h" />
		<Unit filename="../../src/common/cbasetypes.h" />
		<Unit filename="../../src/common/detour/DetourAlloc.cpp" />
		<Unit filename="../../src/common/detour/DetourAlloc.h" />
		<Unit filename="../../src/common/detour/DetourAssert.h" />
		<Unit filename="../../src/common/detour/DetourCommon.cpp" />
		<Unit filename="../../src/common/detour/DetourCommon.h" />
		<Unit filename="../../src/common/detour/DetourNavMesh.cpp" />
		<Unit filename="../../src/common/detour/DetourNavMesh.h" />
		<Unit filename="../../src/common/detour/DetourNavMeshBuilder.cpp" />
		<Unit filename="../../src/common/detour/DetourNavMeshBuilder.h" />
		<Unit filename="../../src/common/detour/DetourNavMeshQuery.cpp" />
		<Unit filename="../../src/common/detour/DetourNavMeshQuery.h" />
		<Unit filename="../../src/common/detour/DetourNode.cpp" />
		<Unit filename="../../src/common/detour/DetourNode.h" />
		<Unit filename="../../src/common/detour/DetourStatus.h" />
		<Unit filename="../../src/common/dsprand.h" />
		<Unit filename="../../src/common/kernel.cpp" />
		<Unit filename="../../src/common/kernel.h" />
		<Unit filename="../../src/common/lua/lua.h" />
		<Unit filename="../../src/common/lua/lua.hpp" />
		<Unit filename="../../src/common/lua/luaconf.h" />
		<Unit filename="../../src/common/lua/lualib.h" />
		<Unit filename="../../src/common/lua/luaxlib.h" />
		<Unit filename="../../src/common/lua/lunar.h" />
		<Unit filename="../../src/common/malloc.cpp" />
		<Unit filename="../../src/common/malloc.h" />
		<Unit filename="../../src/common/marshal/string.h" />
		<Unit filename="../../src/common/md52.cpp" />
		<Unit filename="../../src/common/md52.h" />
		<Unit filename="../../src/common/mmo.h" />
		<Unit filename="../../src/common/recast/Recast.h" />
		<Unit filename="../../src/common/recast/RecastAlloc.h" />
		<Unit filename="../../src/common/recast/RecastAssert.h" />
		<Unit filename="../../src/common/showmsg.cpp" />
		<Unit filename="../../src/common/showmsg.h" />
		<Unit filename="../../src/common/socket.cpp" />
		<Unit filename="../../src/common/socket.h" />
		<Unit filename="../../src/common/sql.cpp" />
		<Unit filename="../../src/common/sql.h" />
		<Unit filename="../../src/common/strlib.cpp" />
		<Unit filename="../../src/common/strlib.h" />
		<Unit filename="../../src/common/taskmgr.cpp" />
		<Unit filename="../../src/common/taskmgr.h" />
		<Unit filename="../../src/common/timer.cpp" />
		<Unit filename="../../src/common/timer.h" />
		<Unit filename="../../src/common/utils.cpp" />
		<Unit filename="../../src/common/utils.h" />
		<Unit filename="../../src/common/version.h" />
		<Unit filename="../../src/common/zlib.cpp" />
		<Unit filename="../../src/common/zlib.h" />
		<Unit filename="../../src/map/ability.cpp" />
		<Unit filename="../../src/map/ability.h" />
		<Unit filename="../../src/map/ai/ai_automaton_dummy.cpp" />
		<Unit filename="../../src/map/ai/ai_automaton_dummy.h" />
		<Unit filename="../../src/map/ai/ai_char_charm.cpp" />
		<Unit filename="../../src/map/ai/ai_char_charm.h" />
		<Unit filename="../../src/map/ai/ai_char_gm.cpp" />
		<Unit filename="../../src/map/ai/ai_char_gm.h" />
		<Unit filename="../../src/map/ai/ai_char_normal.cpp" />
		<Unit filename="../../src/map/ai/ai_char_normal.h" />
		<Unit filename="../../src/map/ai/ai_char_prisoner.cpp" />
		<Unit filename="../../src/map/ai/ai_char_prisoner.h" />
		<Unit filename="../../src/map/ai/ai_general.cpp" />
		<Unit filename="../../src/map/ai/ai_general.h" />
		<Unit filename="../../src/map/ai/ai_mob_dummy.cpp" />
		<Unit filename="../../src/map/ai/ai_mob_dummy.h" />
		<Unit filename="../../src/map/ai/ai_npc_dummy.cpp" />
		<Unit filename="../../src/map/ai/ai_npc_dummy.h" />
		<Unit filename="../../src/map/ai/ai_pet_dummy.cpp" />
		<Unit filename="../../src/map/ai/ai_pet_dummy.h" />
		<Unit filename="../../src/map/ai/ai_ultimate_summon.cpp" />
		<Unit filename="../../src/map/ai/ai_ultimate_summon.h" />
		<Unit filename="../../src/map/ai/helpers/pathfind.cpp" />
		<Unit filename="../../src/map/ai/helpers/pathfind.h" />
		<Unit filename="../../src/map/ai/helpers/targetfind.cpp" />
		<Unit filename="../../src/map/ai/helpers/targetfind.h" />
		<Unit filename="../../src/map/ai/states/ability_state.cpp" />
		<Unit filename="../../src/map/ai/states/ability_state.h" />
		<Unit filename="../../src/map/ai/states/attack_state.cpp" />
		<Unit filename="../../src/map/ai/states/attack_state.h" />
		<Unit filename="../../src/map/ai/states/item_state.cpp" />
		<Unit filename="../../src/map/ai/states/item_state.h" />
		<Unit filename="../../src/map/ai/states/magic_state.cpp" />
		<Unit filename="../../src/map/ai/states/magic_state.h" />
		<Unit filename="../../src/map/ai/states/mobskill_state.cpp" />
		<Unit filename="../../src/map/ai/states/mobskill_state.h" />
		<Unit filename="../../src/map/ai/states/range_state.cpp" />
		<Unit filename="../../src/map/ai/states/range_state.h" />
		<Unit filename="../../src/map/ai/states/state.cpp" />
		<Unit filename="../../src/map/ai/states/state.h" />
		<Unit filename="../../src/map/ai/states/weaponskill_state.cpp" />
		<Unit filename="../../src/map/ai/states/weaponskill_state.h" />
		<Unit filename="../../src/map/alliance.cpp" />
		<Unit filename="../../src/map/alliance.h" />
		<Unit filename="../../src/map/attack.cpp" />
		<Unit filename="../../src/map/attack.h" />
		<Unit filename="../../src/map/attackround.cpp" />
		<Unit filename="../../src/map/attackround.h" />
		<Unit filename="../../src/map/battlefield.cpp" />
		<Unit filename="../../src/map/battlefield.h" />
		<Unit filename="../../src/map/battlefield_handler.cpp" />
		<Unit filename="../../src/map/battlefield_handler.h" />
		<Unit filename="../../src/map/blue_spell.cpp" />
		<Unit filename="../../src/map/blue_spell.h" />
		<Unit filename="../../src/map/blue_trait.cpp" />
		<Unit filename="../../src/map/blue_trait.h" />
		<Unit filename="../../src/map/commandhandler.cpp" />
		<Unit filename="../../src/map/commandhandler.h" />
		<Unit filename="../../src/map/conquest_system.cpp" />
		<Unit filename="../../src/map/conquest_system.h" />
		<Unit filename="../../src/map/enmity_container.cpp" />
		<Unit filename="../../src/map/enmity_container.h" />
		<Unit filename="../../src/map/entities/automatonentity.cpp" />
		<Unit filename="../../src/map/entities/automatonentity.h" />
		<Unit filename="../../src/map/entities/baseentity.cpp" />
		<Unit filename="../../src/map/entities/baseentity.h" />
		<Unit filename="../../src/map/entities/battleentity.cpp" />
		<Unit filename="../../src/map/entities/battleentity.h" />
		<Unit filename="../../src/map/entities/charentity.cpp" />
		<Unit filename="../../src/map/entities/charentity.h" />
		<Unit filename="../../src/map/entities/mobentity.cpp" />
		<Unit filename="../../src/map/entities/mobentity.h" />
		<Unit filename="../../src/map/entities/npcentity.cpp" />
		<Unit filename="../../src/map/entities/npcentity.h" />
		<Unit filename="../../src/map/entities/petentity.cpp" />
		<Unit filename="../../src/map/entities/petentity.h" />
		<Unit filename="../../src/map/grades.cpp" />
		<Unit filename="../../src/map/grades.h" />
		<Unit filename="../../src/map/guild.cpp" />
		<Unit filename="../../src/map/guild.h" />
		<Unit filename="../../src/map/instance.cpp" />
		<Unit filename="../../src/map/instance.h" />
		<Unit filename="../../src/map/instance_loader.cpp" />
		<Unit filename="../../src/map/instance_loader.h" />
		<Unit filename="../../src/map/item_container.cpp" />
		<Unit filename="../../src/map/item_container.h" />
		<Unit filename="../../src/map/items/item.cpp" />
		<Unit filename="../../src/map/items/item.h" />
		<Unit filename="../../src/map/items/item_armor.cpp" />
		<Unit filename="../../src/map/items/item_armor.h" />
		<Unit filename="../../src/map/items/item_currency.cpp" />
		<Unit filename="../../src/map/items/item_currency.h" />
		<Unit filename="../../src/map/items/item_fish.cpp" />
		<Unit filename="../../src/map/items/item_fish.h" />
		<Unit filename="../../src/map/items/item_furnishing.cpp" />
		<Unit filename="../../src/map/items/item_furnishing.h" />
		<Unit filename="../../src/map/items/item_general.cpp" />
		<Unit filename="../../src/map/items/item_general.h" />
		<Unit filename="../../src/map/items/item_linkshell.cpp" />
		<Unit filename="../../src/map/items/item_linkshell.h" />
		<Unit filename="../../src/map/items/item_puppet.cpp" />
		<Unit filename="../../src/map/items/item_puppet.h" />
		<Unit filename="../../src/map/items/item_shop.cpp" />
		<Unit filename="../../src/map/items/item_shop.h" />
		<Unit filename="../../src/map/items/item_usable.cpp" />
		<Unit filename="../../src/map/items/item_usable.h" />
		<Unit filename="../../src/map/items/item_weapon.cpp" />
		<Unit filename="../../src/map/items/item_weapon.h" />
		<Unit filename="../../src/map/latent_effect.cpp" />
		<Unit filename="../../src/map/latent_effect.h" />
		<Unit filename="../../src/map/latent_effect_container.cpp" />
		<Unit filename="../../src/map/latent_effect_container.h" />
		<Unit filename="../../src/map/linkshell.cpp" />
		<Unit filename="../../src/map/linkshell.h" />
		<Unit filename="../../src/map/lua/lua_ability.cpp" />
		<Unit filename="../../src/map/lua/lua_ability.h" />
		<Unit filename="../../src/map/lua/lua_action.cpp" />
		<Unit filename="../../src/map/lua/lua_action.h" />
		<Unit filename="../../src/map/lua/lua_baseentity.cpp" />
		<Unit filename="../../src/map/lua/lua_baseentity.h" />
		<Unit filename="../../src/map/lua/lua_battlefield.cpp" />
		<Unit filename="../../src/map/lua/lua_battlefield.h" />
		<Unit filename="../../src/map/lua/lua_instance.cpp" />
		<Unit filename="../../src/map/lua/lua_instance.h" />
		<Unit filename="../../src/map/lua/lua_item.cpp" />
		<Unit filename="../../src/map/lua/lua_item.h" />
		<Unit filename="../../src/map/lua/lua_mobskill.cpp" />
		<Unit filename="../../src/map/lua/lua_mobskill.h" />
		<Unit filename="../../src/map/lua/lua_region.cpp" />
		<Unit filename="../../src/map/lua/lua_region.h" />
		<Unit filename="../../src/map/lua/lua_spell.cpp" />
		<Unit filename="../../src/map/lua/lua_spell.h" />
		<Unit filename="../../src/map/lua/lua_statuseffect.cpp" />
		<Unit filename="../../src/map/lua/lua_statuseffect.h" />
		<Unit filename="../../src/map/lua/lua_trade_container.cpp" />
		<Unit filename="../../src/map/lua/lua_trade_container.h" />
		<Unit filename="../../src/map/lua/lua_zone.cpp" />
		<Unit filename="../../src/map/lua/lua_zone.h" />
		<Unit filename="../../src/map/lua/luautils.cpp" />
		<Unit filename="../../src/map/lua/luautils.h" />
		<Unit filename="../../src/map/map.cpp" />
		<Unit filename="../../src/map/map.h" />
		<Unit filename="../../src/map/merit.cpp" />
		<Unit filename="../../src/map/merit.h" />
		<Unit filename="../../src/map/message.cpp" />
		<Unit filename="../../src/map/message.h" />
		<Unit filename="../../src/map/mob_modifier.h" />
		<Unit filename="../../src/map/mob_spell_container.cpp" />
		<Unit filename="../../src/map/mob_spell_container.h" />
		<Unit filename="../../src/map/mob_spell_list.cpp" />
		<Unit filename="../../src/map/mob_spell_list.h" />
		<Unit filename="../../src/map/mobskill.cpp" />
		<Unit filename="../../src/map/mobskill.h" />
		<Unit filename="../../src/map/modifier.cpp" />
		<Unit filename="../../src/map/modifier.h" />
		<Unit filename="../../src/map/navmesh.cpp" />
		<Unit filename="../../src/map/navmesh.h" />
		<Unit filename="../../src/map/packet_system.cpp" />
		<Unit filename="../../src/map/packet_system.h" />
		<Unit filename="../../src/map/packets/action.cpp" />
		<Unit filename="../../src/map/packets/action.h" />
		<Unit filename="../../src/map/packets/auction_house.cpp" />
		<Unit filename="../../src/map/packets/auction_house.h" />
		<Unit filename="../../src/map/packets/basic.h" />
		<Unit filename="../../src/map/packets/bazaar_check.cpp" />
		<Unit filename="../../src/map/packets/bazaar_check.h" />
		<Unit filename="../../src/map/packets/bazaar_close.cpp" />
		<Unit filename="../../src/map/packets/bazaar_close.h" />
		<Unit filename="../../src/map/packets/bazaar_confirmation.cpp" />
		<Unit filename="../../src/map/packets/bazaar_confirmation.h" />
		<Unit filename="../../src/map/packets/bazaar_item.cpp" />
		<Unit filename="../../src/map/packets/bazaar_item.h" />
		<Unit filename="../../src/map/packets/bazaar_message.cpp" />
		<Unit filename="../../src/map/packets/bazaar_message.h" />
		<Unit filename="../../src/map/packets/bazaar_purchase.cpp" />
		<Unit filename="../../src/map/packets/bazaar_purchase.h" />
		<Unit filename="../../src/map/packets/blacklist.cpp" />
		<Unit filename="../../src/map/packets/blacklist.h" />
		<Unit filename="../../src/map/packets/campaing_map.cpp" />
		<Unit filename="../../src/map/packets/campaing_map.h" />
		<Unit filename="../../src/map/packets/caught_fish.cpp" />
		<Unit filename="../../src/map/packets/caught_fish.h" />
		<Unit filename="../../src/map/packets/change_music.cpp" />
		<Unit filename="../../src/map/packets/change_music.h" />
		<Unit filename="../../src/map/packets/char.cpp" />
		<Unit filename="../../src/map/packets/char.h" />
		<Unit filename="../../src/map/packets/char_abilities.cpp" />
		<Unit filename="../../src/map/packets/char_abilities.h" />
		<Unit filename="../../src/map/packets/char_appearance.cpp" />
		<Unit filename="../../src/map/packets/char_appearance.h" />
		<Unit filename="../../src/map/packets/char_check.cpp" />
		<Unit filename="../../src/map/packets/char_check.h" />
		<Unit filename="../../src/map/packets/char_emotion.cpp" />
		<Unit filename="../../src/map/packets/char_emotion.h" />
		<Unit filename="../../src/map/packets/char_equip.cpp" />
		<Unit filename="../../src/map/packets/char_equip.h" />
		<Unit filename="../../src/map/packets/char_health.cpp" />
		<Unit filename="../../src/map/packets/char_health.h" />
		<Unit filename="../../src/map/packets/char_job_extra.cpp" />
		<Unit filename="../../src/map/packets/char_job_extra.h" />
		<Unit filename="../../src/map/packets/char_jobs.cpp" />
		<Unit filename="../../src/map/packets/char_jobs.h" />
		<Unit filename="../../src/map/packets/char_recast.cpp" />
		<Unit filename="../../src/map/packets/char_recast.h" />
		<Unit filename="../../src/map/packets/char_skills.cpp" />
		<Unit filename="../../src/map/packets/char_skills.h" />
		<Unit filename="../../src/map/packets/char_spells.cpp" />
		<Unit filename="../../src/map/packets/char_spells.h" />
		<Unit filename="../../src/map/packets/char_stats.cpp" />
		<Unit filename="../../src/map/packets/char_stats.h" />
		<Unit filename="../../src/map/packets/char_sync.cpp" />
		<Unit filename="../../src/map/packets/char_sync.h" />
		<Unit filename="../../src/map/packets/char_update.cpp" />
		<Unit filename="../../src/map/packets/char_update.h" />
		<Unit filename="../../src/map/packets/chat_message.cpp" />
		<Unit filename="../../src/map/packets/chat_message.h" />
		<Unit filename="../../src/map/packets/chocobo_digging.cpp" />
		<Unit filename="../../src/map/packets/chocobo_digging.h" />
		<Unit filename="../../src/map/packets/conquest_map.cpp" />
		<Unit filename="../../src/map/packets/conquest_map.h" />
		<Unit filename="../../src/map/packets/cs_position.cpp" />
		<Unit filename="../../src/map/packets/cs_position.h" />
		<Unit filename="../../src/map/packets/currency1.cpp" />
		<Unit filename="../../src/map/packets/currency1.h" />
		<Unit filename="../../src/map/packets/currency2.cpp" />
		<Unit filename="../../src/map/packets/currency2.h" />
		<Unit filename="../../src/map/packets/delivery_box.cpp" />
		<Unit filename="../../src/map/packets/delivery_box.h" />
		<Unit filename="../../src/map/packets/downloading_data.cpp" />
		<Unit filename="../../src/map/packets/downloading_data.h" />
		<Unit filename="../../src/map/packets/entity_animation.cpp" />
		<Unit filename="../../src/map/packets/entity_animation.h" />
		<Unit filename="../../src/map/packets/entity_update.cpp" />
		<Unit filename="../../src/map/packets/entity_update.h" />
		<Unit filename="../../src/map/packets/entity_visual.cpp" />
		<Unit filename="../../src/map/packets/entity_visual.h" />
		<Unit filename="../../src/map/packets/event.cpp" />
		<Unit filename="../../src/map/packets/event.h" />
		<Unit filename="../../src/map/packets/event_string.cpp" />
		<Unit filename="../../src/map/packets/event_string.h" />
		<Unit filename="../../src/map/packets/event_update.cpp" />
		<Unit filename="../../src/map/packets/event_update.h" />
		<Unit filename="../../src/map/packets/fishing.cpp" />
		<Unit filename="../../src/map/packets/fishing.h" />
		<Unit filename="../../src/map/packets/guild_menu.cpp" />
		<Unit filename="../../src/map/packets/guild_menu.h" />
		<Unit filename="../../src/map/packets/guild_menu_buy.cpp" />
		<Unit filename="../../src/map/packets/guild_menu_buy.h" />
		<Unit filename="../../src/map/packets/guild_menu_buy_update.cpp" />
		<Unit filename="../../src/map/packets/guild_menu_buy_update.h" />
		<Unit filename="../../src/map/packets/guild_menu_sell.cpp" />
		<Unit filename="../../src/map/packets/guild_menu_sell.h" />
		<Unit filename="../../src/map/packets/guild_menu_sell_update.cpp" />
		<Unit filename="../../src/map/packets/guild_menu_sell_update.h" />
		<Unit filename="../../src/map/packets/instance_entry.cpp" />
		<Unit filename="../../src/map/packets/instance_entry.h" />
		<Unit filename="../../src/map/packets/inventory_assign.cpp" />
		<Unit filename="../../src/map/packets/inventory_assign.h" />
		<Unit filename="../../src/map/packets/inventory_finish.cpp" />
		<Unit filename="../../src/map/packets/inventory_finish.h" />
		<Unit filename="../../src/map/packets/inventory_item.cpp" />
		<Unit filename="../../src/map/packets/inventory_item.h" />
		<Unit filename="../../src/map/packets/inventory_modify.cpp" />
		<Unit filename="../../src/map/packets/inventory_modify.h" />
		<Unit filename="../../src/map/packets/inventory_size.cpp" />
		<Unit filename="../../src/map/packets/inventory_size.h" />
		<Unit filename="../../src/map/packets/key_items.cpp" />
		<Unit filename="../../src/map/packets/key_items.h" />
		<Unit filename="../../src/map/packets/linkshell_equip.cpp" />
		<Unit filename="../../src/map/packets/linkshell_equip.h" />
		<Unit filename="../../src/map/packets/linkshell_message.cpp" />
		<Unit filename="../../src/map/packets/linkshell_message.h" />
		<Unit filename="../../src/map/packets/lock_on.cpp" />
		<Unit filename="../../src/map/packets/lock_on.h" />
		<Unit filename="../../src/map/packets/macroequipset.cpp" />
		<Unit filename="../../src/map/packets/macroequipset.h" />
		<Unit filename="../../src/map/packets/menu_config.cpp" />
		<Unit filename="../../src/map/packets/menu_config.h" />
		<Unit filename="../../src/map/packets/menu_merit.cpp" />
		<Unit filename="../../src/map/packets/menu_merit.h" />
		<Unit filename="../../src/map/packets/menu_mog.cpp" />
		<Unit filename="../../src/map/packets/menu_mog.h" />
		<Unit filename="../../src/map/packets/menu_raisetractor.cpp" />
		<Unit filename="../../src/map/packets/menu_raisetractor.h" />
		<Unit filename="../../src/map/packets/merit_points_categories.cpp" />
		<Unit filename="../../src/map/packets/merit_points_categories.h" />
		<Unit filename="../../src/map/packets/message_basic.cpp" />
		<Unit filename="../../src/map/packets/message_basic.h" />
		<Unit filename="../../src/map/packets/message_debug.cpp" />
		<Unit filename="../../src/map/packets/message_debug.h" />
		<Unit filename="../../src/map/packets/message_special.cpp" />
		<Unit filename="../../src/map/packets/message_special.h" />
		<Unit filename="../../src/map/packets/message_standard.cpp" />
		<Unit filename="../../src/map/packets/message_standard.h" />
		<Unit filename="../../src/map/packets/message_system.cpp" />
		<Unit filename="../../src/map/packets/message_system.h" />
		<Unit filename="../../src/map/packets/message_text.cpp" />
		<Unit filename="../../src/map/packets/message_text.h" />
		<Unit filename="../../src/map/packets/party_define.cpp" />
		<Unit filename="../../src/map/packets/party_define.h" />
		<Unit filename="../../src/map/packets/party_effects.cpp" />
		<Unit filename="../../src/map/packets/party_effects.h" />
		<Unit filename="../../src/map/packets/party_invite.cpp" />
		<Unit filename="../../src/map/packets/party_invite.h" />
		<Unit filename="../../src/map/packets/party_map.cpp" />
		<Unit filename="../../src/map/packets/party_map.h" />
		<Unit filename="../../src/map/packets/party_member_update.cpp" />
		<Unit filename="../../src/map/packets/party_member_update.h" />
		<Unit filename="../../src/map/packets/party_search.cpp" />
		<Unit filename="../../src/map/packets/party_search.h" />
		<Unit filename="../../src/map/packets/pet_sync.cpp" />
		<Unit filename="../../src/map/packets/pet_sync.h" />
		<Unit filename="../../src/map/packets/position.cpp" />
		<Unit filename="../../src/map/packets/position.h" />
		<Unit filename="../../src/map/packets/quest_mission_log.cpp" />
		<Unit filename="../../src/map/packets/quest_mission_log.h" />
		<Unit filename="../../src/map/packets/release.cpp" />
		<Unit filename="../../src/map/packets/release.h" />
		<Unit filename="../../src/map/packets/server_ip.cpp" />
		<Unit filename="../../src/map/packets/server_ip.h" />
		<Unit filename="../../src/map/packets/server_message.cpp" />
		<Unit filename="../../src/map/packets/server_message.h" />
		<Unit filename="../../src/map/packets/shop_appraise.cpp" />
		<Unit filename="../../src/map/packets/shop_appraise.h" />
		<Unit filename="../../src/map/packets/shop_buy.cpp" />
		<Unit filename="../../src/map/packets/shop_buy.h" />
		<Unit filename="../../src/map/packets/shop_items.cpp" />
		<Unit filename="../../src/map/packets/shop_items.h" />
		<Unit filename="../../src/map/packets/shop_menu.cpp" />
		<Unit filename="../../src/map/packets/shop_menu.h" />
		<Unit filename="../../src/map/packets/status_effects.cpp" />
		<Unit filename="../../src/map/packets/status_effects.h" />
		<Unit filename="../../src/map/packets/stop_downloading.cpp" />
		<Unit filename="../../src/map/packets/stop_downloading.h" />
		<Unit filename="../../src/map/packets/synth_animation.cpp" />
		<Unit filename="../../src/map/packets/synth_animation.h" />
		<Unit filename="../../src/map/packets/synth_message.cpp" />
		<Unit filename="../../src/map/packets/synth_message.h" />
		<Unit filename="../../src/map/packets/synth_result.cpp" />
		<Unit filename="../../src/map/packets/synth_result.h" />
		<Unit filename="../../src/map/packets/synth_suggestion.cpp" />
		<Unit filename="../../src/map/packets/synth_suggestion.h" />
		<Unit filename="../../src/map/packets/trade_action.cpp" />
		<Unit filename="../../src/map/packets/trade_action.h" />
		<Unit filename="../../src/map/packets/trade_item.cpp" />
		<Unit filename="../../src/map/packets/trade_item.h" />
		<Unit filename="../../src/map/packets/trade_request.cpp" />
		<Unit filename="../../src/map/packets/trade_request.h" />
		<Unit filename="../../src/map/packets/trade_update.cpp" />
		<Unit filename="../../src/map/packets/trade_update.h" />
		<Unit filename="../../src/map/packets/treasure_find_item.cpp" />
		<Unit filename="../../src/map/packets/treasure_find_item.h" />
		<Unit filename="../../src/map/packets/treasure_lot_item.cpp" />
		<Unit filename="../../src/map/packets/treasure_lot_item.h" />
		<Unit filename="../../src/map/packets/weather.cpp" />
		<Unit filename="../../src/map/packets/weather.h" />
		<Unit filename="../../src/map/packets/wide_scan.cpp" />
		<Unit filename="../../src/map/packets/wide_scan.h" />
		<Unit filename="../../src/map/packets/wide_scan_track.cpp" />
		<Unit filename="../../src/map/packets/wide_scan_track.h" />
		<Unit filename="../../src/map/packets/world_pass.cpp" />
		<Unit filename="../../src/map/packets/world_pass.h" />
		<Unit filename="../../src/map/packets/zone_in.cpp" />
		<Unit filename="../../src/map/packets/zone_in.h" />
		<Unit filename="../../src/map/packets/zone_visited.cpp" />
		<Unit filename="../../src/map/packets/zone_visited.h" />
		<Unit filename="../../src/map/party.cpp" />
		<Unit filename="../../src/map/party.h" />
		<Unit filename="../../src/map/recast_container.cpp" />
		<Unit filename="../../src/map/recast_container.h" />
		<Unit filename="../../src/map/region.cpp" />
		<Unit filename="../../src/map/region.h" />
		<Unit filename="../../src/map/spell.cpp" />
		<Unit filename="../../src/map/spell.h" />
		<Unit filename="../../src/map/status_effect.cpp" />
		<Unit filename="../../src/map/status_effect.h" />
		<Unit filename="../../src/map/status_effect_container.cpp" />
		<Unit filename="../../src/map/status_effect_container.h" />
		<Unit filename="../../src/map/time_server.cpp" />
		<Unit filename="../../src/map/time_server.h" />
		<Unit filename="../../src/map/trade_container.cpp" />
		<Unit filename="../../src/map/trade_container.h" />
		<Unit filename="../../src/map/trait.cpp" />
		<Unit filename="../../src/map/trait.h" />
		<Unit filename="../../src/map/transport.cpp" />
		<Unit filename="../../src/map/transport.h" />
		<Unit filename="../../src/map/treasure_pool.cpp" />
		<Unit filename="../../src/map/treasure_pool.h" />
		<Unit filename="../../src/map/universal_container.cpp" />
		<Unit filename="../../src/map/universal_container.h" />
		<Unit filename="../../src/map/utils/attackutils.cpp" />
		<Unit filename="../../src/map/utils/attackutils.h" />
		<Unit filename="../../src/map/utils/battlefieldutils.cpp" />
		<Unit filename="../../src/map/utils/battlefieldutils.h" />
		<Unit filename="../../src/map/utils/battleutils.cpp" />
		<Unit filename="../../src/map/utils/battleutils.h" />
		<Unit filename="../../src/map/utils/blacklistutils.cpp" />
		<Unit filename="../../src/map/utils/blacklistutils.h" />
		<Unit filename="../../src/map/utils/blueutils.cpp" />
		<Unit filename="../../src/map/utils/blueutils.h" />
		<Unit filename="../../src/map/utils/charutils.cpp" />
		<Unit filename="../../src/map/utils/charutils.h" />
		<Unit filename="../../src/map/utils/fishingutils.cpp" />
		<Unit filename="../../src/map/utils/fishingutils.h" />
		<Unit filename="../../src/map/utils/guildutils.cpp" />
		<Unit filename="../../src/map/utils/guildutils.h" />
		<Unit filename="../../src/map/utils/instanceutils.cpp" />
		<Unit filename="../../src/map/utils/instanceutils.h" />
		<Unit filename="../../src/map/utils/itemutils.cpp" />
		<Unit filename="../../src/map/utils/itemutils.h" />
		<Unit filename="../../src/map/utils/jailutils.cpp" />
		<Unit filename="../../src/map/utils/jailutils.h" />
		<Unit filename="../../src/map/utils/mobutils.cpp" />
		<Unit filename="../../src/map/utils/mobutils.h" />
		<Unit filename="../../src/map/utils/petutils.cpp" />
		<Unit filename="../../src/map/utils/petutils.h" />
		<Unit filename="../../src/map/utils/puppetutils.cpp" />
		<Unit filename="../../src/map/utils/puppetutils.h" />
		<Unit filename="../../src/map/utils/synthutils.cpp" />
		<Unit filename="../../src/map/utils/synthutils.h" />
		<Unit filename="../../src/map/utils/zoneutils.cpp" />
		<Unit filename="../../src/map/utils/zoneutils.h" />
		<Unit filename="../../src/map/vana_time.cpp" />
		<Unit filename="../../src/map/vana_time.h" />
		<Unit filename="../../src/map/weapon_skill.cpp" />
		<Unit filename="../../src/map/weapon_skill.h" />
		<Unit filename="../../src/map/zone.cpp" />
		<Unit filename="../../src/map/zone.h" />
		<Unit filename="../../src/map/zone_entities.cpp" />
		<Unit filename="../../src/map/zone_entities.h" />
		<Unit filename="../../src/map/zone_instance.cpp" />
		<Unit filename="../../src/map/zone_instance.h" />
		<Unit filename="resource.h" />
		<Unit filename="resource.rc">
			<Option compilerVar="WINDRES" />
		</Unit>
		<Extensions>
			<code_completion />
			<envvars />
			<debugger />
		</Extensions>
	</Project>
</CodeBlocks_project_file>
